
Microsoft Visual Studio Solution File, Format Version 12.00
# Visual Studio Version 16
VisualStudioVersion = 16.0.30907.101
MinimumVisualStudioVersion = 10.0.40219.1
Project("{FAE04EC0-301F-11D3-BF4B-00C04F79EFBC}") = "Sotis2", "Sotis2.csproj", "{7B8D98ED-3DD9-433B-A1C0-B77520AE1481}"
EndProject
Global
	GlobalSection(SolutionConfigurationPlatforms) = preSolution
		Debug|Any CPU = Debug|Any CPU
		Release|Any CPU = Release|Any CPU
	EndGlobalSection
	GlobalSection(ProjectConfigurationPlatforms) = postSolution
		{7B8D98ED-3DD9-433B-A1C0-B77520AE1481}.Debug|Any CPU.ActiveCfg = Debug|Any CPU
		{7B8D98ED-3DD9-433B-A1C0-B77520AE1481}.Debug|Any CPU.Build.0 = Debug|Any CPU
		{7B8D98ED-3DD9-433B-A1C0-B77520AE1481}.Release|Any CPU.ActiveCfg = Release|Any CPU
		{7B8D98ED-3DD9-433B-A1C0-B77520AE1481}.Release|Any CPU.Build.0 = Release|Any CPU
	EndGlobalSection
	GlobalSection(SolutionProperties) = preSolution
		HideSolutionNode = FALSE
	EndGlobalSection
	GlobalSection(ExtensibilityGlobals) = postSolution
		SolutionGuid = {DC35B837-9410-4963-B807-697D669AAFD7}
	EndGlobalSection
EndGlobal
